// !$*UTF8*$!
{
	archiveVersion = 1;
	classes = {
	};
	objectVersion = 56;
	objects = {

/* Begin PBXBuildFile section */
		8FCEE7B229B1154900D3CA32 /* CryptoTradingAppApp.swift in Sources */ = {isa = PBXBuildFile; fileRef = 8FCEE7B129B1154900D3CA32 /* CryptoTradingAppApp.swift */; };
		8FCEE7B429B1154900D3CA32 /* ContentView.swift in Sources */ = {isa = PBXBuildFile; fileRef = 8FCEE7B329B1154900D3CA32 /* ContentView.swift */; };
		8FCEE7B629B1154A00D3CA32 /* Assets.xcassets in Resources */ = {isa = PBXBuildFile; fileRef = 8FCEE7B529B1154A00D3CA32 /* Assets.xcassets */; };
		8FCEE7BA29B1154A00D3CA32 /* Preview Assets.xcassets in Resources */ = {isa = PBXBuildFile; fileRef = 8FCEE7B929B1154A00D3CA32 /* Preview Assets.xcassets */; };
		8FCEE7C429B1154A00D3CA32 /* CryptoTradingAppTests.swift in Sources */ = {isa = PBXBuildFile; fileRef = 8FCEE7C329B1154A00D3CA32 /* CryptoTradingAppTests.swift */; };
		8FCEE7CE29B1154A00D3CA32 /* CryptoTradingAppUITests.swift in Sources */ = {isa = PBXBuildFile; fileRef = 8FCEE7CD29B1154A00D3CA32 /* CryptoTradingAppUITests.swift */; };
		8FCEE7D029B1154A00D3CA32 /* CryptoTradingAppUITestsLaunchTests.swift in Sources */ = {isa = PBXBuildFile; fileRef = 8FCEE7CF29B1154A00D3CA32 /* CryptoTradingAppUITestsLaunchTests.swift */; };
		8FCEE7E029B1159E00D3CA32 /* Home.swift in Sources */ = {isa = PBXBuildFile; fileRef = 8FCEE7DF29B1159E00D3CA32 /* Home.swift */; };
		8FCEE7E429B118F400D3CA32 /* HeaderView.swift in Sources */ = {isa = PBXBuildFile; fileRef = 8FCEE7E329B118F400D3CA32 /* HeaderView.swift */; };
		8FCEE7E629B11B0300D3CA32 /* CardView.swift in Sources */ = {isa = PBXBuildFile; fileRef = 8FCEE7E529B11B0300D3CA32 /* CardView.swift */; };
		8FCEE7E829B1221300D3CA32 /* MarketView.swift in Sources */ = {isa = PBXBuildFile; fileRef = 8FCEE7E729B1221300D3CA32 /* MarketView.swift */; };
		8FCEE7ED29B1234D00D3CA32 /* MarketCardModel.swift in Sources */ = {isa = PBXBuildFile; fileRef = 8FCEE7EC29B1234D00D3CA32 /* MarketCardModel.swift */; };
		8FCEE7EF29B12A8300D3CA32 /* PortfolioView.swift in Sources */ = {isa = PBXBuildFile; fileRef = 8FCEE7EE29B12A8300D3CA32 /* PortfolioView.swift */; };
		8FF1B0DA29B22C9B009ACAF5 /* PortfolioCardModel.swift in Sources */ = {isa = PBXBuildFile; fileRef = 8FF1B0D929B22C9B009ACAF5 /* PortfolioCardModel.swift */; };
/* End PBXBuildFile section */

/* Begin PBXContainerItemProxy section */
		8FCEE7C029B1154A00D3CA32 /* PBXContainerItemProxy */ = {
			isa = PBXContainerItemProxy;
			containerPortal = 8FCEE7A629B1154900D3CA32 /* Project object */;
			proxyType = 1;
			remoteGlobalIDString = 8FCEE7AD29B1154900D3CA32;
			remoteInfo = CryptoTradingApp;
		};
		8FCEE7CA29B1154A00D3CA32 /* PBXContainerItemProxy */ = {
			isa = PBXContainerItemProxy;
			containerPortal = 8FCEE7A629B1154900D3CA32 /* Project object */;
			proxyType = 1;
			remoteGlobalIDString = 8FCEE7AD29B1154900D3CA32;
			remoteInfo = CryptoTradingApp;
		};
/* End PBXContainerItemProxy section */

/* Begin PBXFileReference section */
		8FCEE7AE29B1154900D3CA32 /* CryptoTradingApp.app */ = {isa = PBXFileReference; explicitFileType = wrapper.application; includeInIndex = 0; path = CryptoTradingApp.app; sourceTree = BUILT_PRODUCTS_DIR; };
		8FCEE7B129B1154900D3CA32 /* CryptoTradingAppApp.swift */ = {isa = PBXFileReference; lastKnownFileType = sourcecode.swift; path = CryptoTradingAppApp.swift; sourceTree = "<group>"; };
		8FCEE7B329B1154900D3CA32 /* ContentView.swift */ = {isa = PBXFileReference; lastKnownFileType = sourcecode.swift; path = ContentView.swift; sourceTree = "<group>"; };
		8FCEE7B529B1154A00D3CA32 /* Assets.xcassets */ = {isa = PBXFileReference; lastKnownFileType = folder.assetcatalog; path = Assets.xcassets; sourceTree = "<group>"; };
		8FCEE7B729B1154A00D3CA32 /* CryptoTradingApp.entitlements */ = {isa = PBXFileReference; lastKnownFileType = text.plist.entitlements; path = CryptoTradingApp.entitlements; sourceTree = "<group>"; };
		8FCEE7B929B1154A00D3CA32 /* Preview Assets.xcassets */ = {isa = PBXFileReference; lastKnownFileType = folder.assetcatalog; path = "Preview Assets.xcassets"; sourceTree = "<group>"; };
		8FCEE7BF29B1154A00D3CA32 /* CryptoTradingAppTests.xctest */ = {isa = PBXFileReference; explicitFileType = wrapper.cfbundle; includeInIndex = 0; path = CryptoTradingAppTests.xctest; sourceTree = BUILT_PRODUCTS_DIR; };
		8FCEE7C329B1154A00D3CA32 /* CryptoTradingAppTests.swift */ = {isa = PBXFileReference; lastKnownFileType = sourcecode.swift; path = CryptoTradingAppTests.swift; sourceTree = "<group>"; };
		8FCEE7C929B1154A00D3CA32 /* CryptoTradingAppUITests.xctest */ = {isa = PBXFileReference; explicitFileType = wrapper.cfbundle; includeInIndex = 0; path = CryptoTradingAppUITests.xctest; sourceTree = BUILT_PRODUCTS_DIR; };
		8FCEE7CD29B1154A00D3CA32 /* CryptoTradingAppUITests.swift */ = {isa = PBXFileReference; lastKnownFileType = sourcecode.swift; path = CryptoTradingAppUITests.swift; sourceTree = "<group>"; };
		8FCEE7CF29B1154A00D3CA32 /* CryptoTradingAppUITestsLaunchTests.swift */ = {isa = PBXFileReference; lastKnownFileType = sourcecode.swift; path = CryptoTradingAppUITestsLaunchTests.swift; sourceTree = "<group>"; };
		8FCEE7DF29B1159E00D3CA32 /* Home.swift */ = {isa = PBXFileReference; lastKnownFileType = sourcecode.swift; path = Home.swift; sourceTree = "<group>"; };
		8FCEE7E329B118F400D3CA32 /* HeaderView.swift */ = {isa = PBXFileReference; lastKnownFileType = sourcecode.swift; path = HeaderView.swift; sourceTree = "<group>"; };
		8FCEE7E529B11B0300D3CA32 /* CardView.swift */ = {isa = PBXFileReference; lastKnownFileType = sourcecode.swift; path = CardView.swift; sourceTree = "<group>"; };
		8FCEE7E729B1221300D3CA32 /* MarketView.swift */ = {isa = PBXFileReference; lastKnownFileType = sourcecode.swift; path = MarketView.swift; sourceTree = "<group>"; };
		8FCEE7EC29B1234D00D3CA32 /* MarketCardModel.swift */ = {isa = PBXFileReference; lastKnownFileType = sourcecode.swift; path = MarketCardModel.swift; sourceTree = "<group>"; };
		8FCEE7EE29B12A8300D3CA32 /* PortfolioView.swift */ = {isa = PBXFileReference; lastKnownFileType = sourcecode.swift; path = PortfolioView.swift; sourceTree = "<group>"; };
		8FF1B0D929B22C9B009ACAF5 /* PortfolioCardModel.swift */ = {isa = PBXFileReference; lastKnownFileType = sourcecode.swift; path = PortfolioCardModel.swift; sourceTree = "<group>"; };
/* End PBXFileReference section */

/* Begin PBXFrameworksBuildPhase section */
		8FCEE7AB29B1154900D3CA32 /* Frameworks */ = {
			isa = PBXFrameworksBuildPhase;
			buildActionMask = 2147483647;
			files = (
			);
			runOnlyForDeploymentPostprocessing = 0;
		};
		8FCEE7BC29B1154A00D3CA32 /* Frameworks */ = {
			isa = PBXFrameworksBuildPhase;
			buildActionMask = 2147483647;
			files = (
			);
			runOnlyForDeploymentPostprocessing = 0;
		};
		8FCEE7C629B1154A00D3CA32 /* Frameworks */ = {
			isa = PBXFrameworksBuildPhase;
			buildActionMask = 2147483647;
			files = (
			);
			runOnlyForDeploymentPostprocessing = 0;
		};
/* End PBXFrameworksBuildPhase section */

/* Begin PBXGroup section */
		8FCEE7A529B1154900D3CA32 = {
			isa = PBXGroup;
			children = (
				8FCEE7B029B1154900D3CA32 /* CryptoTradingApp */,
				8FCEE7C229B1154A00D3CA32 /* CryptoTradingAppTests */,
				8FCEE7CC29B1154A00D3CA32 /* CryptoTradingAppUITests */,
				8FCEE7AF29B1154900D3CA32 /* Products */,
			);
			sourceTree = "<group>";
		};
		8FCEE7AF29B1154900D3CA32 /* Products */ = {
			isa = PBXGroup;
			children = (
				8FCEE7AE29B1154900D3CA32 /* CryptoTradingApp.app */,
				8FCEE7BF29B1154A00D3CA32 /* CryptoTradingAppTests.xctest */,
				8FCEE7C929B1154A00D3CA32 /* CryptoTradingAppUITests.xctest */,
			);
			name = Products;
			sourceTree = "<group>";
		};
		8FCEE7B029B1154900D3CA32 /* CryptoTradingApp */ = {
			isa = PBXGroup;
			children = (
				8FCEE7B129B1154900D3CA32 /* CryptoTradingAppApp.swift */,
				8FCEE7B529B1154A00D3CA32 /* Assets.xcassets */,
				8FCEE7DE29B1157300D3CA32 /* Models */,
				8FCEE7DC29B1155E00D3CA32 /* Views */,
				8FCEE7B729B1154A00D3CA32 /* CryptoTradingApp.entitlements */,
				8FCEE7B829B1154A00D3CA32 /* Preview Content */,
			);
			path = CryptoTradingApp;
			sourceTree = "<group>";
		};
		8FCEE7B829B1154A00D3CA32 /* Preview Content */ = {
			isa = PBXGroup;
			children = (
				8FCEE7B929B1154A00D3CA32 /* Preview Assets.xcassets */,
			);
			path = "Preview Content";
			sourceTree = "<group>";
		};
		8FCEE7C229B1154A00D3CA32 /* CryptoTradingAppTests */ = {
			isa = PBXGroup;
			children = (
				8FCEE7C329B1154A00D3CA32 /* CryptoTradingAppTests.swift */,
			);
			path = CryptoTradingAppTests;
			sourceTree = "<group>";
		};
		8FCEE7CC29B1154A00D3CA32 /* CryptoTradingAppUITests */ = {
			isa = PBXGroup;
			children = (
				8FCEE7CD29B1154A00D3CA32 /* CryptoTradingAppUITests.swift */,
				8FCEE7CF29B1154A00D3CA32 /* CryptoTradingAppUITestsLaunchTests.swift */,
			);
			path = CryptoTradingAppUITests;
			sourceTree = "<group>";
		};
		8FCEE7DC29B1155E00D3CA32 /* Views */ = {
			isa = PBXGroup;
			children = (
				8FCEE7B329B1154900D3CA32 /* ContentView.swift */,
				8FCEE7DF29B1159E00D3CA32 /* Home.swift */,
				8FCEE7E329B118F400D3CA32 /* HeaderView.swift */,
				8FCEE7E529B11B0300D3CA32 /* CardView.swift */,
				8FCEE7E729B1221300D3CA32 /* MarketView.swift */,
				8FCEE7EE29B12A8300D3CA32 /* PortfolioView.swift */,
			);
			path = Views;
			sourceTree = "<group>";
		};
		8FCEE7DE29B1157300D3CA32 /* Models */ = {
			isa = PBXGroup;
			children = (
				8FCEE7EC29B1234D00D3CA32 /* MarketCardModel.swift */,
				8FF1B0D929B22C9B009ACAF5 /* PortfolioCardModel.swift */,
			);
			path = Models;
			sourceTree = "<group>";
		};
/* End PBXGroup section */

/* Begin PBXNativeTarget section */
		8FCEE7AD29B1154900D3CA32 /* CryptoTradingApp */ = {
			isa = PBXNativeTarget;
			buildConfigurationList = 8FCEE7D329B1154A00D3CA32 /* Build configuration list for PBXNativeTarget "CryptoTradingApp" */;
			buildPhases = (
				8FCEE7AA29B1154900D3CA32 /* Sources */,
				8FCEE7AB29B1154900D3CA32 /* Frameworks */,
				8FCEE7AC29B1154900D3CA32 /* Resources */,
			);
			buildRules = (
			);
			dependencies = (
			);
			name = CryptoTradingApp;
			productName = CryptoTradingApp;
			productReference = 8FCEE7AE29B1154900D3CA32 /* CryptoTradingApp.app */;
			productType = "com.apple.product-type.application";
		};
		8FCEE7BE29B1154A00D3CA32 /* CryptoTradingAppTests */ = {
			isa = PBXNativeTarget;
			buildConfigurationList = 8FCEE7D629B1154A00D3CA32 /* Build configuration list for PBXNativeTarget "CryptoTradingAppTests" */;
			buildPhases = (
				8FCEE7BB29B1154A00D3CA32 /* Sources */,
				8FCEE7BC29B1154A00D3CA32 /* Frameworks */,
				8FCEE7BD29B1154A00D3CA32 /* Resources */,
			);
			buildRules = (
			);
			dependencies = (
				8FCEE7C129B1154A00D3CA32 /* PBXTargetDependency */,
			);
			name = CryptoTradingAppTests;
			productName = CryptoTradingAppTests;
			productReference = 8FCEE7BF29B1154A00D3CA32 /* CryptoTradingAppTests.xctest */;
			productType = "com.apple.product-type.bundle.unit-test";
		};
		8FCEE7C829B1154A00D3CA32 /* CryptoTradingAppUITests */ = {
			isa = PBXNativeTarget;
			buildConfigurationList = 8FCEE7D929B1154A00D3CA32 /* Build configuration list for PBXNativeTarget "CryptoTradingAppUITests" */;
			buildPhases = (
				8FCEE7C529B1154A00D3CA32 /* Sources */,
				8FCEE7C629B1154A00D3CA32 /* Frameworks */,
				8FCEE7C729B1154A00D3CA32 /* Resources */,
			);
			buildRules = (
			);
			dependencies = (
				8FCEE7CB29B1154A00D3CA32 /* PBXTargetDependency */,
			);
			name = CryptoTradingAppUITests;
			productName = CryptoTradingAppUITests;
			productReference = 8FCEE7C929B1154A00D3CA32 /* CryptoTradingAppUITests.xctest */;
			productType = "com.apple.product-type.bundle.ui-testing";
		};
/* End PBXNativeTarget section */

/* Begin PBXProject section */
		8FCEE7A629B1154900D3CA32 /* Project object */ = {
			isa = PBXProject;
			attributes = {
				BuildIndependentTargetsInParallel = 1;
				LastSwiftUpdateCheck = 1420;
				LastUpgradeCheck = 1420;
				TargetAttributes = {
					8FCEE7AD29B1154900D3CA32 = {
						CreatedOnToolsVersion = 14.2;
					};
					8FCEE7BE29B1154A00D3CA32 = {
						CreatedOnToolsVersion = 14.2;
						TestTargetID = 8FCEE7AD29B1154900D3CA32;
					};
					8FCEE7C829B1154A00D3CA32 = {
						CreatedOnToolsVersion = 14.2;
						TestTargetID = 8FCEE7AD29B1154900D3CA32;
					};
				};
			};
			buildConfigurationList = 8FCEE7A929B1154900D3CA32 /* Build configuration list for PBXProject "CryptoTradingApp" */;
			compatibilityVersion = "Xcode 14.0";
			developmentRegion = en;
			hasScannedForEncodings = 0;
			knownRegions = (
				en,
				Base,
			);
			mainGroup = 8FCEE7A529B1154900D3CA32;
			productRefGroup = 8FCEE7AF29B1154900D3CA32 /* Products */;
			projectDirPath = "";
			projectRoot = "";
			targets = (
				8FCEE7AD29B1154900D3CA32 /* CryptoTradingApp */,
				8FCEE7BE29B1154A00D3CA32 /* CryptoTradingAppTests */,
				8FCEE7C829B1154A00D3CA32 /* CryptoTradingAppUITests */,
			);
		};
/* End PBXProject section */

/* Begin PBXResourcesBuildPhase section */
		8FCEE7AC29B1154900D3CA32 /* Resources */ = {
			isa = PBXResourcesBuildPhase;
			buildActionMask = 2147483647;
			files = (
				8FCEE7BA29B1154A00D3CA32 /* Preview Assets.xcassets in Resources */,
				8FCEE7B629B1154A00D3CA32 /* Assets.xcassets in Resources */,
			);
			runOnlyForDeploymentPostprocessing = 0;
		};
		8FCEE7BD29B1154A00D3CA32 /* Resources */ = {
			isa = PBXResourcesBuildPhase;
			buildActionMask = 2147483647;
			files = (
			);
			runOnlyForDeploymentPostprocessing = 0;
		};
		8FCEE7C729B1154A00D3CA32 /* Resources */ = {
			isa = PBXResourcesBuildPhase;
			buildActionMask = 2147483647;
			files = (
			);
			runOnlyForDeploymentPostprocessing = 0;
		};
/* End PBXResourcesBuildPhase section */

/* Begin PBXSourcesBuildPhase section */
		8FCEE7AA29B1154900D3CA32 /* Sources */ = {
			isa = PBXSourcesBuildPhase;
			buildActionMask = 2147483647;
			files = (
				8FCEE7B429B1154900D3CA32 /* ContentView.swift in Sources */,
				8FCEE7E029B1159E00D3CA32 /* Home.swift in Sources */,
				8FCEE7E829B1221300D3CA32 /* MarketView.swift in Sources */,
				8FCEE7B229B1154900D3CA32 /* CryptoTradingAppApp.swift in Sources */,
				8FF1B0DA29B22C9B009ACAF5 /* PortfolioCardModel.swift in Sources */,
				8FCEE7E429B118F400D3CA32 /* HeaderView.swift in Sources */,
				8FCEE7ED29B1234D00D3CA32 /* MarketCardModel.swift in Sources */,
				8FCEE7E629B11B0300D3CA32 /* CardView.swift in Sources */,
				8FCEE7EF29B12A8300D3CA32 /* PortfolioView.swift in Sources */,
			);
			runOnlyForDeploymentPostprocessing = 0;
		};
		8FCEE7BB29B1154A00D3CA32 /* Sources */ = {
			isa = PBXSourcesBuildPhase;
			buildActionMask = 2147483647;
			files = (
				8FCEE7C429B1154A00D3CA32 /* CryptoTradingAppTests.swift in Sources */,
			);
			runOnlyForDeploymentPostprocessing = 0;
		};
		8FCEE7C529B1154A00D3CA32 /* Sources */ = {
			isa = PBXSourcesBuildPhase;
			buildActionMask = 2147483647;
			files = (
				8FCEE7CE29B1154A00D3CA32 /* CryptoTradingAppUITests.swift in Sources */,
				8FCEE7D029B1154A00D3CA32 /* CryptoTradingAppUITestsLaunchTests.swift in Sources */,
			);
			runOnlyForDeploymentPostprocessing = 0;
		};
/* End PBXSourcesBuildPhase section */

/* Begin PBXTargetDependency section */
		8FCEE7C129B1154A00D3CA32 /* PBXTargetDependency */ = {
			isa = PBXTargetDependency;
			target = 8FCEE7AD29B1154900D3CA32 /* CryptoTradingApp */;
			targetProxy = 8FCEE7C029B1154A00D3CA32 /* PBXContainerItemProxy */;
		};
		8FCEE7CB29B1154A00D3CA32 /* PBXTargetDependency */ = {
			isa = PBXTargetDependency;
			target = 8FCEE7AD29B1154900D3CA32 /* CryptoTradingApp */;
			targetProxy = 8FCEE7CA29B1154A00D3CA32 /* PBXContainerItemProxy */;
		};
/* End PBXTargetDependency section */

/* Begin XCBuildConfiguration section */
		8FCEE7D129B1154A00D3CA32 /* Debug */ = {
			isa = XCBuildConfiguration;
			buildSettings = {
				ALWAYS_SEARCH_USER_PATHS = NO;
				CLANG_ANALYZER_NONNULL = YES;
				CLANG_ANALYZER_NUMBER_OBJECT_CONVERSION = YES_AGGRESSIVE;
				CLANG_CXX_LANGUAGE_STANDARD = "gnu++20";
				CLANG_ENABLE_MODULES = YES;
				CLANG_ENABLE_OBJC_ARC = YES;
				CLANG_ENABLE_OBJC_WEAK = YES;
				CLANG_WARN_BLOCK_CAPTURE_AUTORELEASING = YES;
				CLANG_WARN_BOOL_CONVERSION = YES;
				CLANG_WARN_COMMA = YES;
				CLANG_WARN_CONSTANT_CONVERSION = YES;
				CLANG_WARN_DEPRECATED_OBJC_IMPLEMENTATIONS = YES;
				CLANG_WARN_DIRECT_OBJC_ISA_USAGE = YES_ERROR;
				CLANG_WARN_DOCUMENTATION_COMMENTS = YES;
				CLANG_WARN_EMPTY_BODY = YES;
				CLANG_WARN_ENUM_CONVERSION = YES;
				CLANG_WARN_INFINITE_RECURSION = YES;
				CLANG_WARN_INT_CONVERSION = YES;
				CLANG_WARN_NON_LITERAL_NULL_CONVERSION = YES;
				CLANG_WARN_OBJC_IMPLICIT_RETAIN_SELF = YES;
				CLANG_WARN_OBJC_LITERAL_CONVERSION = YES;
				CLANG_WARN_OBJC_ROOT_CLASS = YES_ERROR;
				CLANG_WARN_QUOTED_INCLUDE_IN_FRAMEWORK_HEADER = YES;
				CLANG_WARN_RANGE_LOOP_ANALYSIS = YES;
				CLANG_WARN_STRICT_PROTOTYPES = YES;
				CLANG_WARN_SUSPICIOUS_MOVE = YES;
				CLANG_WARN_UNGUARDED_AVAILABILITY = YES_AGGRESSIVE;
				CLANG_WARN_UNREACHABLE_CODE = YES;
				CLANG_WARN__DUPLICATE_METHOD_MATCH = YES;
				COPY_PHASE_STRIP = NO;
				DEBUG_INFORMATION_FORMAT = dwarf;
				ENABLE_STRICT_OBJC_MSGSEND = YES;
				ENABLE_TESTABILITY = YES;
				GCC_C_LANGUAGE_STANDARD = gnu11;
				GCC_DYNAMIC_NO_PIC = NO;
				GCC_NO_COMMON_BLOCKS = YES;
				GCC_OPTIMIZATION_LEVEL = 0;
				GCC_PREPROCESSOR_DEFINITIONS = (
					"DEBUG=1",
					"$(inherited)",
				);
				GCC_WARN_64_TO_32_BIT_CONVERSION = YES;
				GCC_WARN_ABOUT_RETURN_TYPE = YES_ERROR;
				GCC_WARN_UNDECLARED_SELECTOR = YES;
				GCC_WARN_UNINITIALIZED_AUTOS = YES_AGGRESSIVE;
				GCC_WARN_UNUSED_FUNCTION = YES;
				GCC_WARN_UNUSED_VARIABLE = YES;
				MTL_ENABLE_DEBUG_INFO = INCLUDE_SOURCE;
				MTL_FAST_MATH = YES;
				ONLY_ACTIVE_ARCH = YES;
				SWIFT_ACTIVE_COMPILATION_CONDITIONS = DEBUG;
				SWIFT_OPTIMIZATION_LEVEL = "-Onone";
			};
			name = Debug;
		};
		8FCEE7D229B1154A00D3CA32 /* Release */ = {
			isa = XCBuildConfiguration;
			buildSettings = {
				ALWAYS_SEARCH_USER_PATHS = NO;
				CLANG_ANALYZER_NONNULL = YES;
				CLANG_ANALYZER_NUMBER_OBJECT_CONVERSION = YES_AGGRESSIVE;
				CLANG_CXX_LANGUAGE_STANDARD = "gnu++20";
				CLANG_ENABLE_MODULES = YES;
				CLANG_ENABLE_OBJC_ARC = YES;
				CLANG_ENABLE_OBJC_WEAK = YES;
				CLANG_WARN_BLOCK_CAPTURE_AUTORELEASING = YES;
				CLANG_WARN_BOOL_CONVERSION = YES;
				CLANG_WARN_COMMA = YES;
				CLANG_WARN_CONSTANT_CONVERSION = YES;
				CLANG_WARN_DEPRECATED_OBJC_IMPLEMENTATIONS = YES;
				CLANG_WARN_DIRECT_OBJC_ISA_USAGE = YES_ERROR;
				CLANG_WARN_DOCUMENTATION_COMMENTS = YES;
				CLANG_WARN_EMPTY_BODY = YES;
				CLANG_WARN_ENUM_CONVERSION = YES;
				CLANG_WARN_INFINITE_RECURSION = YES;
				CLANG_WARN_INT_CONVERSION = YES;
				CLANG_WARN_NON_LITERAL_NULL_CONVERSION = YES;
				CLANG_WARN_OBJC_IMPLICIT_RETAIN_SELF = YES;
				CLANG_WARN_OBJC_LITERAL_CONVERSION = YES;
				CLANG_WARN_OBJC_ROOT_CLASS = YES_ERROR;
				CLANG_WARN_QUOTED_INCLUDE_IN_FRAMEWORK_HEADER = YES;
				CLANG_WARN_RANGE_LOOP_ANALYSIS = YES;
				CLANG_WARN_STRICT_PROTOTYPES = YES;
				CLANG_WARN_SUSPICIOUS_MOVE = YES;
				CLANG_WARN_UNGUARDED_AVAILABILITY = YES_AGGRESSIVE;
				CLANG_WARN_UNREACHABLE_CODE = YES;
				CLANG_WARN__DUPLICATE_METHOD_MATCH = YES;
				COPY_PHASE_STRIP = NO;
				DEBUG_INFORMATION_FORMAT = "dwarf-with-dsym";
				ENABLE_NS_ASSERTIONS = NO;
				ENABLE_STRICT_OBJC_MSGSEND = YES;
				GCC_C_LANGUAGE_STANDARD = gnu11;
				GCC_NO_COMMON_BLOCKS = YES;
				GCC_WARN_64_TO_32_BIT_CONVERSION = YES;
				GCC_WARN_ABOUT_RETURN_TYPE = YES_ERROR;
				GCC_WARN_UNDECLARED_SELECTOR = YES;
				GCC_WARN_UNINITIALIZED_AUTOS = YES_AGGRESSIVE;
				GCC_WARN_UNUSED_FUNCTION = YES;
				GCC_WARN_UNUSED_VARIABLE = YES;
				MTL_ENABLE_DEBUG_INFO = NO;
				MTL_FAST_MATH = YES;
				SWIFT_COMPILATION_MODE = wholemodule;
				SWIFT_OPTIMIZATION_LEVEL = "-O";
			};
			name = Release;
		};
		8FCEE7D429B1154A00D3CA32 /* Debug */ = {
			isa = XCBuildConfiguration;
			buildSettings = {
				ASSETCATALOG_COMPILER_APPICON_NAME = AppIcon;
				ASSETCATALOG_COMPILER_GLOBAL_ACCENT_COLOR_NAME = AccentColor;
				CODE_SIGN_ENTITLEMENTS = CryptoTradingApp/CryptoTradingApp.entitlements;
				CODE_SIGN_STYLE = Automatic;
				CURRENT_PROJECT_VERSION = 1;
				DEVELOPMENT_ASSET_PATHS = "\"CryptoTradingApp/Preview Content\"";
				ENABLE_PREVIEWS = YES;
				GENERATE_INFOPLIST_FILE = YES;
				"INFOPLIST_KEY_UIApplicationSceneManifest_Generation[sdk=iphoneos*]" = YES;
				"INFOPLIST_KEY_UIApplicationSceneManifest_Generation[sdk=iphonesimulator*]" = YES;
				"INFOPLIST_KEY_UIApplicationSupportsIndirectInputEvents[sdk=iphoneos*]" = YES;
				"INFOPLIST_KEY_UIApplicationSupportsIndirectInputEvents[sdk=iphonesimulator*]" = YES;
				"INFOPLIST_KEY_UILaunchScreen_Generation[sdk=iphoneos*]" = YES;
				"INFOPLIST_KEY_UILaunchScreen_Generation[sdk=iphonesimulator*]" = YES;
				"INFOPLIST_KEY_UIStatusBarStyle[sdk=iphoneos*]" = UIStatusBarStyleDefault;
				"INFOPLIST_KEY_UIStatusBarStyle[sdk=iphonesimulator*]" = UIStatusBarStyleDefault;
				INFOPLIST_KEY_UISupportedInterfaceOrientations_iPad = "UIInterfaceOrientationPortrait UIInterfaceOrientationPortraitUpsideDown UIInterfaceOrientationLandscapeLeft UIInterfaceOrientationLandscapeRight";
				INFOPLIST_KEY_UISupportedInterfaceOrientations_iPhone = "UIInterfaceOrientationPortrait UIInterfaceOrientationLandscapeLeft UIInterfaceOrientationLandscapeRight";
				IPHONEOS_DEPLOYMENT_TARGET = 16.2;
				LD_RUNPATH_SEARCH_PATHS = "@executable_path/Frameworks";
				"LD_RUNPATH_SEARCH_PATHS[sdk=macosx*]" = "@executable_path/../Frameworks";
				MACOSX_DEPLOYMENT_TARGET = 13.1;
				MARKETING_VERSION = 1.0;
				PRODUCT_BUNDLE_IDENTIFIER = akush.CryptoTradingApp;
				PRODUCT_NAME = "$(TARGET_NAME)";
				SDKROOT = auto;
				SUPPORTED_PLATFORMS = "iphoneos iphonesimulator macosx";
				SWIFT_EMIT_LOC_STRINGS = YES;
				SWIFT_VERSION = 5.0;
				TARGETED_DEVICE_FAMILY = "1,2";
			};
			name = Debug;
		};
		8FCEE7D529B1154A00D3CA32 /* Release */ = {
			isa = XCBuildConfiguration;
			buildSettings = {
				ASSETCATALOG_COMPILER_APPICON_NAME = AppIcon;
				ASSETCATALOG_COMPILER_GLOBAL_ACCENT_COLOR_NAME = AccentColor;
				CODE_SIGN_ENTITLEMENTS = CryptoTradingApp/CryptoTradingApp.entitlements;
				CODE_SIGN_STYLE = Automatic;
				CURRENT_PROJECT_VERSION = 1;
				DEVELOPMENT_ASSET_PATHS = "\"CryptoTradingApp/Preview Content\"";
				ENABLE_PREVIEWS = YES;
				GENERATE_INFOPLIST_FILE = YES;
				"INFOPLIST_KEY_UIApplicationSceneManifest_Generation[sdk=iphoneos*]" = YES;
				"INFOPLIST_KEY_UIApplicationSceneManifest_Generation[sdk=iphonesimulator*]" = YES;
				"INFOPLIST_KEY_UIApplicationSupportsIndirectInputEvents[sdk=iphoneos*]" = YES;
				"INFOPLIST_KEY_UIApplicationSupportsIndirectInputEvents[sdk=iphonesimulator*]" = YES;
				"INFOPLIST_KEY_UILaunchScreen_Generation[sdk=iphoneos*]" = YES;
				"INFOPLIST_KEY_UILaunchScreen_Generation[sdk=iphonesimulator*]" = YES;
				"INFOPLIST_KEY_UIStatusBarStyle[sdk=iphoneos*]" = UIStatusBarStyleDefault;
				"INFOPLIST_KEY_UIStatusBarStyle[sdk=iphonesimulator*]" = UIStatusBarStyleDefault;
				INFOPLIST_KEY_UISupportedInterfaceOrientations_iPad = "UIInterfaceOrientationPortrait UIInterfaceOrientationPortraitUpsideDown UIInterfaceOrientationLandscapeLeft UIInterfaceOrientationLandscapeRight";
				INFOPLIST_KEY_UISupportedInterfaceOrientations_iPhone = "UIInterfaceOrientationPortrait UIInterfaceOrientationLandscapeLeft UIInterfaceOrientationLandscapeRight";
				IPHONEOS_DEPLOYMENT_TARGET = 16.2;
				LD_RUNPATH_SEARCH_PATHS = "@executable_path/Frameworks";
				"LD_RUNPATH_SEARCH_PATHS[sdk=macosx*]" = "@executable_path/../Frameworks";
				MACOSX_DEPLOYMENT_TARGET = 13.1;
				MARKETING_VERSION = 1.0;
				PRODUCT_BUNDLE_IDENTIFIER = akush.CryptoTradingApp;
				PRODUCT_NAME = "$(TARGET_NAME)";
				SDKROOT = auto;
				SUPPORTED_PLATFORMS = "iphoneos iphonesimulator macosx";
				SWIFT_EMIT_LOC_STRINGS = YES;
				SWIFT_VERSION = 5.0;
				TARGETED_DEVICE_FAMILY = "1,2";
			};
			name = Release;
		};
		8FCEE7D729B1154A00D3CA32 /* Debug */ = {
			isa = XCBuildConfiguration;
			buildSettings = {
				ALWAYS_EMBED_SWIFT_STANDARD_LIBRARIES = YES;
				BUNDLE_LOADER = "$(TEST_HOST)";
				CODE_SIGN_STYLE = Automatic;
				CURRENT_PROJECT_VERSION = 1;
				GENERATE_INFOPLIST_FILE = YES;
				IPHONEOS_DEPLOYMENT_TARGET = 16.2;
				MACOSX_DEPLOYMENT_TARGET = 13.1;
				MARKETING_VERSION = 1.0;
				PRODUCT_BUNDLE_IDENTIFIER = akush.CryptoTradingAppTests;
				PRODUCT_NAME = "$(TARGET_NAME)";
				SDKROOT = auto;
				SUPPORTED_PLATFORMS = "iphoneos iphonesimulator macosx";
				SWIFT_EMIT_LOC_STRINGS = NO;
				SWIFT_VERSION = 5.0;
				TARGETED_DEVICE_FAMILY = "1,2";
				TEST_HOST = "$(BUILT_PRODUCTS_DIR)/CryptoTradingApp.app/$(BUNDLE_EXECUTABLE_FOLDER_PATH)/CryptoTradingApp";
			};
			name = Debug;
		};
		8FCEE7D829B1154A00D3CA32 /* Release */ = {
			isa = XCBuildConfiguration;
			buildSettings = {
				ALWAYS_EMBED_SWIFT_STANDARD_LIBRARIES = YES;
				BUNDLE_LOADER = "$(TEST_HOST)";
				CODE_SIGN_STYLE = Automatic;
				CURRENT_PROJECT_VERSION = 1;
				GENERATE_INFOPLIST_FILE = YES;
				IPHONEOS_DEPLOYMENT_TARGET = 16.2;
				MACOSX_DEPLOYMENT_TARGET = 13.1;
				MARKETING_VERSION = 1.0;
				PRODUCT_BUNDLE_IDENTIFIER = akush.CryptoTradingAppTests;
				PRODUCT_NAME = "$(TARGET_NAME)";
				SDKROOT = auto;
				SUPPORTED_PLATFORMS = "iphoneos iphonesimulator macosx";
				SWIFT_EMIT_LOC_STRINGS = NO;
				SWIFT_VERSION = 5.0;
				TARGETED_DEVICE_FAMILY = "1,2";
				TEST_HOST = "$(BUILT_PRODUCTS_DIR)/CryptoTradingApp.app/$(BUNDLE_EXECUTABLE_FOLDER_PATH)/CryptoTradingApp";
			};
			name = Release;
		};
		8FCEE7DA29B1154A00D3CA32 /* Debug */ = {
			isa = XCBuildConfiguration;
			buildSettings = {
				ALWAYS_EMBED_SWIFT_STANDARD_LIBRARIES = YES;
				CODE_SIGN_STYLE = Automatic;
				CURRENT_PROJECT_VERSION = 1;
				GENERATE_INFOPLIST_FILE = YES;
				IPHONEOS_DEPLOYMENT_TARGET = 16.2;
				MACOSX_DEPLOYMENT_TARGET = 13.1;
				MARKETING_VERSION = 1.0;
				PRODUCT_BUNDLE_IDENTIFIER = akush.CryptoTradingAppUITests;
				PRODUCT_NAME = "$(TARGET_NAME)";
				SDKROOT = auto;
				SUPPORTED_PLATFORMS = "iphoneos iphonesimulator macosx";
				SWIFT_EMIT_LOC_STRINGS = NO;
				SWIFT_VERSION = 5.0;
				TARGETED_DEVICE_FAMILY = "1,2";
				TEST_TARGET_NAME = CryptoTradingApp;
			};
			name = Debug;
		};
		8FCEE7DB29B1154A00D3CA32 /* Release */ = {
			isa = XCBuildConfiguration;
			buildSettings = {
				ALWAYS_EMBED_SWIFT_STANDARD_LIBRARIES = YES;
				CODE_SIGN_STYLE = Automatic;
				CURRENT_PROJECT_VERSION = 1;
				GENERATE_INFOPLIST_FILE = YES;
				IPHONEOS_DEPLOYMENT_TARGET = 16.2;
				MACOSX_DEPLOYMENT_TARGET = 13.1;
				MARKETING_VERSION = 1.0;
				PRODUCT_BUNDLE_IDENTIFIER = akush.CryptoTradingAppUITests;
				PRODUCT_NAME = "$(TARGET_NAME)";
				SDKROOT = auto;
				SUPPORTED_PLATFORMS = "iphoneos iphonesimulator macosx";
				SWIFT_EMIT_LOC_STRINGS = NO;
				SWIFT_VERSION = 5.0;
				TARGETED_DEVICE_FAMILY = "1,2";
				TEST_TARGET_NAME = CryptoTradingApp;
			};
			name = Release;
		};
/* End XCBuildConfiguration section */

/* Begin XCConfigurationList section */
		8FCEE7A929B1154900D3CA32 /* Build configuration list for PBXProject "CryptoTradingApp" */ = {
			isa = XCConfigurationList;
			buildConfigurations = (
				8FCEE7D129B1154A00D3CA32 /* Debug */,
				8FCEE7D229B1154A00D3CA32 /* Release */,
			);
			defaultConfigurationIsVisible = 0;
			defaultConfigurationName = Release;
		};
		8FCEE7D329B1154A00D3CA32 /* Build configuration list for PBXNativeTarget "CryptoTradingApp" */ = {
			isa = XCConfigurationList;
			buildConfigurations = (
				8FCEE7D429B1154A00D3CA32 /* Debug */,
				8FCEE7D529B1154A00D3CA32 /* Release */,
			);
			defaultConfigurationIsVisible = 0;
			defaultConfigurationName = Release;
		};
		8FCEE7D629B1154A00D3CA32 /* Build configuration list for PBXNativeTarget "CryptoTradingAppTests" */ = {
			isa = XCConfigurationList;
			buildConfigurations = (
				8FCEE7D729B1154A00D3CA32 /* Debug */,
				8FCEE7D829B1154A00D3CA32 /* Release */,
			);
			defaultConfigurationIsVisible = 0;
			defaultConfigurationName = Release;
		};
		8FCEE7D929B1154A00D3CA32 /* Build configuration list for PBXNativeTarget "CryptoTradingAppUITests" */ = {
			isa = XCConfigurationList;
			buildConfigurations = (
				8FCEE7DA29B1154A00D3CA32 /* Debug */,
				8FCEE7DB29B1154A00D3CA32 /* Release */,
			);
			defaultConfigurationIsVisible = 0;
			defaultConfigurationName = Release;
		};
/* End XCConfigurationList section */
	};
	rootObject = 8FCEE7A629B1154900D3CA32 /* Project object */;
}
